
Microsoft Visual Studio Solution File, Format Version 12.00
# Visual Studio Version 16
VisualStudioVersion = 16.0.31624.102
MinimumVisualStudioVersion = 10.0.40219.1
Project("{8BC9CEB8-8B4A-11D0-8D11-00A0C91BC942}") = "oop_vect_list", "oop_vect_list\oop_vect_list.vcxproj", "{AB27C824-49BF-4982-BF88-378BA3BADDB9}"
EndProject
Global
	GlobalSection(SolutionConfigurationPlatforms) = preSolution
		Debug|x64 = Debug|x64
		Debug|x86 = Debug|x86
		Release|x64 = Release|x64
		Release|x86 = Release|x86
	EndGlobalSection
	GlobalSection(ProjectConfigurationPlatforms) = postSolution
		{AB27C824-49BF-4982-BF88-378BA3BADDB9}.Debug|x64.ActiveCfg = Debug|x64
		{AB27C824-49BF-4982-BF88-378BA3BADDB9}.Debug|x64.Build.0 = Debug|x64
		{AB27C824-49BF-4982-BF88-378BA3BADDB9}.Debug|x86.ActiveCfg = Debug|Win32
		{AB27C824-49BF-4982-BF88-378BA3BADDB9}.Debug|x86.Build.0 = Debug|Win32
		{AB27C824-49BF-4982-BF88-378BA3BADDB9}.Release|x64.ActiveCfg = Release|x64
		{AB27C824-49BF-4982-BF88-378BA3BADDB9}.Release|x64.Build.0 = Release|x64
		{AB27C824-49BF-4982-BF88-378BA3BADDB9}.Release|x86.ActiveCfg = Release|Win32
		{AB27C824-49BF-4982-BF88-378BA3BADDB9}.Release|x86.Build.0 = Release|Win32
	EndGlobalSection
	GlobalSection(SolutionProperties) = preSolution
		HideSolutionNode = FALSE
	EndGlobalSection
	GlobalSection(ExtensibilityGlobals) = postSolution
		SolutionGuid = {DFEB2B7D-DBDD-423D-86E6-CAF3E7235410}
	EndGlobalSection
EndGlobal
